// !$*UTF8*$!
{
	archiveVersion = 1;
	classes = {
	};
	objectVersion = 56;
	objects = {

/* Begin PBXBuildFile section */
		6E0136AD2E3B851500DC2831 /* UserManager.swift in Sources */ = {isa = PBXBuildFile; fileRef = 6E0136AC2E3B851500DC2831 /* UserManager.swift */; };
		6E13C9892DFF10F200954519 /* FutureForecastView.swift in Sources */ = {isa = PBXBuildFile; fileRef = 6E13C9882DFF10F200954519 /* FutureForecastView.swift */; };
		6E202C1C2E0271660070E3A7 /* Auth in Frameworks */ = {isa = PBXBuildFile; productRef = 6E202C1B2E0271660070E3A7 /* Auth */; };
		6E202C1E2E0271660070E3A7 /* Functions in Frameworks */ = {isa = PBXBuildFile; productRef = 6E202C1D2E0271660070E3A7 /* Functions */; };
		6E202C202E0271660070E3A7 /* PostgREST in Frameworks */ = {isa = PBXBuildFile; productRef = 6E202C1F2E0271660070E3A7 /* PostgREST */; };
		6E202C222E0271660070E3A7 /* Realtime in Frameworks */ = {isa = PBXBuildFile; productRef = 6E202C212E0271660070E3A7 /* Realtime */; };
		6E202C242E0271660070E3A7 /* Storage in Frameworks */ = {isa = PBXBuildFile; productRef = 6E202C232E0271660070E3A7 /* Storage */; };
		6E202C262E0271660070E3A7 /* Supabase in Frameworks */ = {isa = PBXBuildFile; productRef = 6E202C252E0271660070E3A7 /* Supabase */; };
		6E202C292E02721B0070E3A7 /* SupabaseManager.swift in Sources */ = {isa = PBXBuildFile; fileRef = 6E202C282E02721B0070E3A7 /* SupabaseManager.swift */; };
		6E202C2B2E0274DA0070E3A7 /* AuthManager.swift in Sources */ = {isa = PBXBuildFile; fileRef = 6E202C2A2E0274DA0070E3A7 /* AuthManager.swift */; };
		6E202C2E2E0A6DE70070E3A7 /* HomeViewModel.swift in Sources */ = {isa = PBXBuildFile; fileRef = 6E202C2D2E0A6DE70070E3A7 /* HomeViewModel.swift */; };
		6E327B502E65B7A600E744A1 /* PriceSettingsView.swift in Sources */ = {isa = PBXBuildFile; fileRef = 6E327B4F2E65B7A600E744A1 /* PriceSettingsView.swift */; };
		6E327B522E68B0DC00E744A1 /* CubeView.swift in Sources */ = {isa = PBXBuildFile; fileRef = 6E327B512E68B0DB00E744A1 /* CubeView.swift */; };
		6E327B552E68B6F900E744A1 /* SpentCubeView.swift in Sources */ = {isa = PBXBuildFile; fileRef = 6E327B532E68B6F900E744A1 /* SpentCubeView.swift */; };
		6E327B562E68B6F900E744A1 /* PacksCubeView.swift in Sources */ = {isa = PBXBuildFile; fileRef = 6E327B542E68B6F900E744A1 /* PacksCubeView.swift */; };
		6E3C7A802E4124D900E94618 /* ReasonSelectionView.swift in Sources */ = {isa = PBXBuildFile; fileRef = 6E3C7A7E2E4124D900E94618 /* ReasonSelectionView.swift */; };
		6E3C7A812E4124D900E94618 /* FloatingReasonCircle.swift in Sources */ = {isa = PBXBuildFile; fileRef = 6E3C7A7F2E4124D900E94618 /* FloatingReasonCircle.swift */; };
		6E3C7A842E41251400E94618 /* SmokingReason.swift in Sources */ = {isa = PBXBuildFile; fileRef = 6E3C7A832E41251400E94618 /* SmokingReason.swift */; };
		6E750C1F2E5C462B00FDA36D /* CigaretteLogView.swift in Sources */ = {isa = PBXBuildFile; fileRef = 6E750C1E2E5C462B00FDA36D /* CigaretteLogView.swift */; };
		6E886B862DFB2F7E005992D9 /* HealthInsightsView.swift in Sources */ = {isa = PBXBuildFile; fileRef = 6E886B852DFB2F7E005992D9 /* HealthInsightsView.swift */; };
		6E886B882DFB30DD005992D9 /* ConsumptionTrendsView.swift in Sources */ = {isa = PBXBuildFile; fileRef = 6E886B872DFB30DD005992D9 /* ConsumptionTrendsView.swift */; };
		6E886B8C2DFBF280005992D9 /* ChartSection.swift in Sources */ = {isa = PBXBuildFile; fileRef = 6E886B8B2DFBF280005992D9 /* ChartSection.swift */; };
		6E8FE17E2DF830E900C274B2 /* Puff_Puff_PassApp.swift in Sources */ = {isa = PBXBuildFile; fileRef = 6E8FE17D2DF830E900C274B2 /* Puff_Puff_PassApp.swift */; };
		6E8FE1822DF830EB00C274B2 /* Assets.xcassets in Resources */ = {isa = PBXBuildFile; fileRef = 6E8FE1812DF830EB00C274B2 /* Assets.xcassets */; };
		6E8FE1862DF830EB00C274B2 /* Preview Assets.xcassets in Resources */ = {isa = PBXBuildFile; fileRef = 6E8FE1852DF830EB00C274B2 /* Preview Assets.xcassets */; };
		6E8FE18D2DF83B4800C274B2 /* RegistrationView.swift in Sources */ = {isa = PBXBuildFile; fileRef = 6E8FE18C2DF83B4800C274B2 /* RegistrationView.swift */; };
		6EA133F92E6320B8002BC918 /* CurrencySettingsView.swift in Sources */ = {isa = PBXBuildFile; fileRef = 6EA133F82E6320B8002BC918 /* CurrencySettingsView.swift */; };
		6EAFDB6C2DF9E13C00D9DB57 /* LoginView.swift in Sources */ = {isa = PBXBuildFile; fileRef = 6EAFDB6B2DF9E13C00D9DB57 /* LoginView.swift */; };
		6EAFDB6E2DF9E1C900D9DB57 /* HomeView.swift in Sources */ = {isa = PBXBuildFile; fileRef = 6EAFDB6D2DF9E1C900D9DB57 /* HomeView.swift */; };
		6EAFDB702DF9E78E00D9DB57 /* ProfileSheet.swift in Sources */ = {isa = PBXBuildFile; fileRef = 6EAFDB6F2DF9E78E00D9DB57 /* ProfileSheet.swift */; };
		6EAFDB722DF9EA7A00D9DB57 /* StatisticsView.swift in Sources */ = {isa = PBXBuildFile; fileRef = 6EAFDB712DF9EA7A00D9DB57 /* StatisticsView.swift */; };
		6EE0F57A2E3CB2D9007B5383 /* WelcomeBoxView.swift in Sources */ = {isa = PBXBuildFile; fileRef = 6EE0F5792E3CB2D9007B5383 /* WelcomeBoxView.swift */; };
		6EE55E512E374E3B009F5A99 /* OnboardingView.swift in Sources */ = {isa = PBXBuildFile; fileRef = 6EE55E502E374E3B009F5A99 /* OnboardingView.swift */; };
		6EE55E532E375259009F5A99 /* CigrLoginView.swift in Sources */ = {isa = PBXBuildFile; fileRef = 6EE55E522E375259009F5A99 /* CigrLoginView.swift */; };
		6EF37B082E2F74AE000807D2 /* CigaretteDataStore.swift in Sources */ = {isa = PBXBuildFile; fileRef = 6EF37B072E2F74AE000807D2 /* CigaretteDataStore.swift */; };
/* End PBXBuildFile section */

/* Begin PBXFileReference section */
		6E0136AC2E3B851500DC2831 /* UserManager.swift */ = {isa = PBXFileReference; fileEncoding = 4; lastKnownFileType = sourcecode.swift; path = UserManager.swift; sourceTree = "<group>"; };
		6E13C9882DFF10F200954519 /* FutureForecastView.swift */ = {isa = PBXFileReference; lastKnownFileType = sourcecode.swift; path = FutureForecastView.swift; sourceTree = "<group>"; };
		6E202C282E02721B0070E3A7 /* SupabaseManager.swift */ = {isa = PBXFileReference; lastKnownFileType = sourcecode.swift; path = SupabaseManager.swift; sourceTree = "<group>"; };
		6E202C2A2E0274DA0070E3A7 /* AuthManager.swift */ = {isa = PBXFileReference; lastKnownFileType = sourcecode.swift; path = AuthManager.swift; sourceTree = "<group>"; };
		6E202C2D2E0A6DE70070E3A7 /* HomeViewModel.swift */ = {isa = PBXFileReference; lastKnownFileType = sourcecode.swift; path = HomeViewModel.swift; sourceTree = "<group>"; };
		6E327B4F2E65B7A600E744A1 /* PriceSettingsView.swift */ = {isa = PBXFileReference; fileEncoding = 4; lastKnownFileType = sourcecode.swift; path = PriceSettingsView.swift; sourceTree = "<group>"; };
		6E327B512E68B0DB00E744A1 /* CubeView.swift */ = {isa = PBXFileReference; fileEncoding = 4; lastKnownFileType = sourcecode.swift; path = CubeView.swift; sourceTree = "<group>"; };
		6E327B532E68B6F900E744A1 /* SpentCubeView.swift */ = {isa = PBXFileReference; fileEncoding = 4; lastKnownFileType = sourcecode.swift; path = SpentCubeView.swift; sourceTree = "<group>"; };
		6E327B542E68B6F900E744A1 /* PacksCubeView.swift */ = {isa = PBXFileReference; fileEncoding = 4; lastKnownFileType = sourcecode.swift; path = PacksCubeView.swift; sourceTree = "<group>"; };
		6E3C7A7E2E4124D900E94618 /* ReasonSelectionView.swift */ = {isa = PBXFileReference; fileEncoding = 4; lastKnownFileType = sourcecode.swift; path = ReasonSelectionView.swift; sourceTree = "<group>"; };
		6E3C7A7F2E4124D900E94618 /* FloatingReasonCircle.swift */ = {isa = PBXFileReference; fileEncoding = 4; lastKnownFileType = sourcecode.swift; path = FloatingReasonCircle.swift; sourceTree = "<group>"; };
		6E3C7A832E41251400E94618 /* SmokingReason.swift */ = {isa = PBXFileReference; fileEncoding = 4; lastKnownFileType = sourcecode.swift; path = SmokingReason.swift; sourceTree = "<group>"; };
		6E750C1E2E5C462B00FDA36D /* CigaretteLogView.swift */ = {isa = PBXFileReference; fileEncoding = 4; lastKnownFileType = sourcecode.swift; path = CigaretteLogView.swift; sourceTree = "<group>"; };
		6E886B852DFB2F7E005992D9 /* HealthInsightsView.swift */ = {isa = PBXFileReference; lastKnownFileType = sourcecode.swift; path = HealthInsightsView.swift; sourceTree = "<group>"; };
		6E886B872DFB30DD005992D9 /* ConsumptionTrendsView.swift */ = {isa = PBXFileReference; lastKnownFileType = sourcecode.swift; path = ConsumptionTrendsView.swift; sourceTree = "<group>"; };
		6E886B8B2DFBF280005992D9 /* ChartSection.swift */ = {isa = PBXFileReference; lastKnownFileType = sourcecode.swift; path = ChartSection.swift; sourceTree = "<group>"; };
		6E8FE17A2DF830E900C274B2 /* Puff Puff Pass.app */ = {isa = PBXFileReference; explicitFileType = wrapper.application; includeInIndex = 0; path = "Puff Puff Pass.app"; sourceTree = BUILT_PRODUCTS_DIR; };
		6E8FE17D2DF830E900C274B2 /* Puff_Puff_PassApp.swift */ = {isa = PBXFileReference; lastKnownFileType = sourcecode.swift; path = Puff_Puff_PassApp.swift; sourceTree = "<group>"; };
		6E8FE1812DF830EB00C274B2 /* Assets.xcassets */ = {isa = PBXFileReference; lastKnownFileType = folder.assetcatalog; path = Assets.xcassets; sourceTree = "<group>"; };
		6E8FE1832DF830EB00C274B2 /* Puff_Puff_Pass.entitlements */ = {isa = PBXFileReference; lastKnownFileType = text.plist.entitlements; path = Puff_Puff_Pass.entitlements; sourceTree = "<group>"; };
		6E8FE1852DF830EB00C274B2 /* Preview Assets.xcassets */ = {isa = PBXFileReference; lastKnownFileType = folder.assetcatalog; path = "Preview Assets.xcassets"; sourceTree = "<group>"; };
		6E8FE18C2DF83B4800C274B2 /* RegistrationView.swift */ = {isa = PBXFileReference; lastKnownFileType = sourcecode.swift; path = RegistrationView.swift; sourceTree = "<group>"; };
		6EA133F82E6320B8002BC918 /* CurrencySettingsView.swift */ = {isa = PBXFileReference; fileEncoding = 4; lastKnownFileType = sourcecode.swift; path = CurrencySettingsView.swift; sourceTree = "<group>"; };
		6EAFDB6B2DF9E13C00D9DB57 /* LoginView.swift */ = {isa = PBXFileReference; lastKnownFileType = sourcecode.swift; path = LoginView.swift; sourceTree = "<group>"; };
		6EAFDB6D2DF9E1C900D9DB57 /* HomeView.swift */ = {isa = PBXFileReference; lastKnownFileType = sourcecode.swift; path = HomeView.swift; sourceTree = "<group>"; xcLanguageSpecificationIdentifier = xcode.lang.swift; };
		6EAFDB6F2DF9E78E00D9DB57 /* ProfileSheet.swift */ = {isa = PBXFileReference; lastKnownFileType = sourcecode.swift; path = ProfileSheet.swift; sourceTree = "<group>"; };
		6EAFDB712DF9EA7A00D9DB57 /* StatisticsView.swift */ = {isa = PBXFileReference; lastKnownFileType = sourcecode.swift; path = StatisticsView.swift; sourceTree = "<group>"; };
		6EE0F5792E3CB2D9007B5383 /* WelcomeBoxView.swift */ = {isa = PBXFileReference; fileEncoding = 4; lastKnownFileType = sourcecode.swift; path = WelcomeBoxView.swift; sourceTree = "<group>"; };
		6EE55E502E374E3B009F5A99 /* OnboardingView.swift */ = {isa = PBXFileReference; fileEncoding = 4; lastKnownFileType = sourcecode.swift; path = OnboardingView.swift; sourceTree = "<group>"; };
		6EE55E522E375259009F5A99 /* CigrLoginView.swift */ = {isa = PBXFileReference; fileEncoding = 4; lastKnownFileType = sourcecode.swift; path = CigrLoginView.swift; sourceTree = "<group>"; };
		6EF37B072E2F74AE000807D2 /* CigaretteDataStore.swift */ = {isa = PBXFileReference; fileEncoding = 4; lastKnownFileType = sourcecode.swift; path = CigaretteDataStore.swift; sourceTree = "<group>"; };
/* End PBXFileReference section */

/* Begin PBXFrameworksBuildPhase section */
		6E8FE1772DF830E900C274B2 /* Frameworks */ = {
			isa = PBXFrameworksBuildPhase;
			buildActionMask = 2147483647;
			files = (
				6E202C202E0271660070E3A7 /* PostgREST in Frameworks */,
				6E202C1E2E0271660070E3A7 /* Functions in Frameworks */,
				6E202C262E0271660070E3A7 /* Supabase in Frameworks */,
				6E202C1C2E0271660070E3A7 /* Auth in Frameworks */,
				6E202C242E0271660070E3A7 /* Storage in Frameworks */,
				6E202C222E0271660070E3A7 /* Realtime in Frameworks */,
			);
			runOnlyForDeploymentPostprocessing = 0;
		};
/* End PBXFrameworksBuildPhase section */

/* Begin PBXGroup section */
		6E202C272E0272080070E3A7 /* supabase */ = {
			isa = PBXGroup;
			children = (
				6E202C282E02721B0070E3A7 /* SupabaseManager.swift */,
				6E202C2A2E0274DA0070E3A7 /* AuthManager.swift */,
			);
			path = supabase;
			sourceTree = "<group>";
		};
		6E202C2C2E0A6DBD0070E3A7 /* ViewModels */ = {
			isa = PBXGroup;
			children = (
				6E0136AC2E3B851500DC2831 /* UserManager.swift */,
				6EF37B072E2F74AE000807D2 /* CigaretteDataStore.swift */,
				6E202C2D2E0A6DE70070E3A7 /* HomeViewModel.swift */,
			);
			path = ViewModels;
			sourceTree = "<group>";
		};
		6E3C7A7D2E4124C500E94618 /* Views */ = {
			isa = PBXGroup;
			children = (
				6E327B542E68B6F900E744A1 /* PacksCubeView.swift */,
				6E327B532E68B6F900E744A1 /* SpentCubeView.swift */,
				6E327B512E68B0DB00E744A1 /* CubeView.swift */,
				6E3C7A7F2E4124D900E94618 /* FloatingReasonCircle.swift */,
				6E3C7A7E2E4124D900E94618 /* ReasonSelectionView.swift */,
			);
			path = Views;
			sourceTree = "<group>";
		};
		6E3C7A822E41250700E94618 /* Models */ = {
			isa = PBXGroup;
			children = (
				6E3C7A832E41251400E94618 /* SmokingReason.swift */,
			);
			path = Models;
			sourceTree = "<group>";
		};
		6E8FE1712DF830E900C274B2 = {
			isa = PBXGroup;
			children = (
				6E886B8B2DFBF280005992D9 /* ChartSection.swift */,
				6E8FE17C2DF830E900C274B2 /* Puff Puff Pass */,
				6E8FE17B2DF830E900C274B2 /* Products */,
			);
			sourceTree = "<group>";
		};
		6E8FE17B2DF830E900C274B2 /* Products */ = {
			isa = PBXGroup;
			children = (
				6E8FE17A2DF830E900C274B2 /* Puff Puff Pass.app */,
			);
			name = Products;
			sourceTree = "<group>";
		};
		6E8FE17C2DF830E900C274B2 /* Puff Puff Pass */ = {
			isa = PBXGroup;
			children = (
				6E3C7A822E41250700E94618 /* Models */,
				6E3C7A7D2E4124C500E94618 /* Views */,
				6EE0F5782E3C9B36007B5383 /* StatisticsViews */,
				6E202C2C2E0A6DBD0070E3A7 /* ViewModels */,
				6E202C272E0272080070E3A7 /* supabase */,
				6E8FE17D2DF830E900C274B2 /* Puff_Puff_PassApp.swift */,
				6EE0F5792E3CB2D9007B5383 /* WelcomeBoxView.swift */,
				6E8FE18C2DF83B4800C274B2 /* RegistrationView.swift */,
				6E8FE1812DF830EB00C274B2 /* Assets.xcassets */,
				6E8FE1832DF830EB00C274B2 /* Puff_Puff_Pass.entitlements */,
				6E8FE1842DF830EB00C274B2 /* Preview Content */,
				6EAFDB6B2DF9E13C00D9DB57 /* LoginView.swift */,
				6EE55E522E375259009F5A99 /* CigrLoginView.swift */,
				6EE55E502E374E3B009F5A99 /* OnboardingView.swift */,
				6E750C1E2E5C462B00FDA36D /* CigaretteLogView.swift */,
				6EAFDB6D2DF9E1C900D9DB57 /* HomeView.swift */,
				6EA133F82E6320B8002BC918 /* CurrencySettingsView.swift */,
				6E327B4F2E65B7A600E744A1 /* PriceSettingsView.swift */,
				6EAFDB6F2DF9E78E00D9DB57 /* ProfileSheet.swift */,
				6EAFDB712DF9EA7A00D9DB57 /* StatisticsView.swift */,
			);
			path = "Puff Puff Pass";
			sourceTree = "<group>";
		};
		6E8FE1842DF830EB00C274B2 /* Preview Content */ = {
			isa = PBXGroup;
			children = (
				6E8FE1852DF830EB00C274B2 /* Preview Assets.xcassets */,
			);
			path = "Preview Content";
			sourceTree = "<group>";
		};
		6EE0F5782E3C9B36007B5383 /* StatisticsViews */ = {
			isa = PBXGroup;
			children = (
				6E13C9882DFF10F200954519 /* FutureForecastView.swift */,
				6E886B872DFB30DD005992D9 /* ConsumptionTrendsView.swift */,
				6E886B852DFB2F7E005992D9 /* HealthInsightsView.swift */,
			);
			path = StatisticsViews;
			sourceTree = "<group>";
		};
/* End PBXGroup section */

/* Begin PBXNativeTarget section */
		6E8FE1792DF830E900C274B2 /* Puff Puff Pass */ = {
			isa = PBXNativeTarget;
			buildConfigurationList = 6E8FE1892DF830EB00C274B2 /* Build configuration list for PBXNativeTarget "Puff Puff Pass" */;
			buildPhases = (
				6E8FE1762DF830E900C274B2 /* Sources */,
				6E8FE1772DF830E900C274B2 /* Frameworks */,
				6E8FE1782DF830E900C274B2 /* Resources */,
			);
			buildRules = (
			);
			dependencies = (
			);
			name = "Puff Puff Pass";
			packageProductDependencies = (
				6E202C1B2E0271660070E3A7 /* Auth */,
				6E202C1D2E0271660070E3A7 /* Functions */,
				6E202C1F2E0271660070E3A7 /* PostgREST */,
				6E202C212E0271660070E3A7 /* Realtime */,
				6E202C232E0271660070E3A7 /* Storage */,
				6E202C252E0271660070E3A7 /* Supabase */,
			);
			productName = "Puff Puff Pass";
			productReference = 6E8FE17A2DF830E900C274B2 /* Puff Puff Pass.app */;
			productType = "com.apple.product-type.application";
		};
/* End PBXNativeTarget section */

/* Begin PBXProject section */
		6E8FE1722DF830E900C274B2 /* Project object */ = {
			isa = PBXProject;
			attributes = {
				BuildIndependentTargetsInParallel = 1;
				LastSwiftUpdateCheck = 1430;
				LastUpgradeCheck = 1520;
				TargetAttributes = {
					6E8FE1792DF830E900C274B2 = {
						CreatedOnToolsVersion = 14.3;
					};
				};
			};
			buildConfigurationList = 6E8FE1752DF830E900C274B2 /* Build configuration list for PBXProject "Puff Puff Pass" */;
			compatibilityVersion = "Xcode 14.0";
			developmentRegion = en;
			hasScannedForEncodings = 0;
			knownRegions = (
				en,
				Base,
			);
			mainGroup = 6E8FE1712DF830E900C274B2;
			packageReferences = (
				6E202C1A2E0271660070E3A7 /* XCRemoteSwiftPackageReference "supabase-swift" */,
			);
			productRefGroup = 6E8FE17B2DF830E900C274B2 /* Products */;
			projectDirPath = "";
			projectRoot = "";
			targets = (
				6E8FE1792DF830E900C274B2 /* Puff Puff Pass */,
			);
		};
/* End PBXProject section */

/* Begin PBXResourcesBuildPhase section */
		6E8FE1782DF830E900C274B2 /* Resources */ = {
			isa = PBXResourcesBuildPhase;
			buildActionMask = 2147483647;
			files = (
				6E8FE1862DF830EB00C274B2 /* Preview Assets.xcassets in Resources */,
				6E8FE1822DF830EB00C274B2 /* Assets.xcassets in Resources */,
			);
			runOnlyForDeploymentPostprocessing = 0;
		};
/* End PBXResourcesBuildPhase section */

/* Begin PBXSourcesBuildPhase section */
		6E8FE1762DF830E900C274B2 /* Sources */ = {
			isa = PBXSourcesBuildPhase;
			buildActionMask = 2147483647;
			files = (
				6E886B882DFB30DD005992D9 /* ConsumptionTrendsView.swift in Sources */,
				6E327B502E65B7A600E744A1 /* PriceSettingsView.swift in Sources */,
				6EE0F57A2E3CB2D9007B5383 /* WelcomeBoxView.swift in Sources */,
				6E327B522E68B0DC00E744A1 /* CubeView.swift in Sources */,
				6E202C2B2E0274DA0070E3A7 /* AuthManager.swift in Sources */,
				6E3C7A812E4124D900E94618 /* FloatingReasonCircle.swift in Sources */,
				6E3C7A802E4124D900E94618 /* ReasonSelectionView.swift in Sources */,
				6EAFDB6C2DF9E13C00D9DB57 /* LoginView.swift in Sources */,
				6E327B552E68B6F900E744A1 /* SpentCubeView.swift in Sources */,
				6EA133F92E6320B8002BC918 /* CurrencySettingsView.swift in Sources */,
				6EE55E512E374E3B009F5A99 /* OnboardingView.swift in Sources */,
				6EAFDB722DF9EA7A00D9DB57 /* StatisticsView.swift in Sources */,
				6E327B562E68B6F900E744A1 /* PacksCubeView.swift in Sources */,
				6E3C7A842E41251400E94618 /* SmokingReason.swift in Sources */,
				6EAFDB6E2DF9E1C900D9DB57 /* HomeView.swift in Sources */,
				6E886B8C2DFBF280005992D9 /* ChartSection.swift in Sources */,
				6EE55E532E375259009F5A99 /* CigrLoginView.swift in Sources */,
				6E8FE18D2DF83B4800C274B2 /* RegistrationView.swift in Sources */,
				6E13C9892DFF10F200954519 /* FutureForecastView.swift in Sources */,
				6E202C2E2E0A6DE70070E3A7 /* HomeViewModel.swift in Sources */,
				6E886B862DFB2F7E005992D9 /* HealthInsightsView.swift in Sources */,
				6E202C292E02721B0070E3A7 /* SupabaseManager.swift in Sources */,
				6E8FE17E2DF830E900C274B2 /* Puff_Puff_PassApp.swift in Sources */,
				6E750C1F2E5C462B00FDA36D /* CigaretteLogView.swift in Sources */,
				6EF37B082E2F74AE000807D2 /* CigaretteDataStore.swift in Sources */,
				6EAFDB702DF9E78E00D9DB57 /* ProfileSheet.swift in Sources */,
				6E0136AD2E3B851500DC2831 /* UserManager.swift in Sources */,
			);
			runOnlyForDeploymentPostprocessing = 0;
		};
/* End PBXSourcesBuildPhase section */

/* Begin XCBuildConfiguration section */
		6E8FE1872DF830EB00C274B2 /* Debug */ = {
			isa = XCBuildConfiguration;
			buildSettings = {
				ALWAYS_SEARCH_USER_PATHS = NO;
				CLANG_ANALYZER_NONNULL = YES;
				CLANG_ANALYZER_NUMBER_OBJECT_CONVERSION = YES_AGGRESSIVE;
				CLANG_CXX_LANGUAGE_STANDARD = "gnu++20";
				CLANG_ENABLE_MODULES = YES;
				CLANG_ENABLE_OBJC_ARC = YES;
				CLANG_ENABLE_OBJC_WEAK = YES;
				CLANG_WARN_BLOCK_CAPTURE_AUTORELEASING = YES;
				CLANG_WARN_BOOL_CONVERSION = YES;
				CLANG_WARN_COMMA = YES;
				CLANG_WARN_CONSTANT_CONVERSION = YES;
				CLANG_WARN_DEPRECATED_OBJC_IMPLEMENTATIONS = YES;
				CLANG_WARN_DIRECT_OBJC_ISA_USAGE = YES_ERROR;
				CLANG_WARN_DOCUMENTATION_COMMENTS = YES;
				CLANG_WARN_EMPTY_BODY = YES;
				CLANG_WARN_ENUM_CONVERSION = YES;
				CLANG_WARN_INFINITE_RECURSION = YES;
				CLANG_WARN_INT_CONVERSION = YES;
				CLANG_WARN_NON_LITERAL_NULL_CONVERSION = YES;
				CLANG_WARN_OBJC_IMPLICIT_RETAIN_SELF = YES;
				CLANG_WARN_OBJC_LITERAL_CONVERSION = YES;
				CLANG_WARN_OBJC_ROOT_CLASS = YES_ERROR;
				CLANG_WARN_QUOTED_INCLUDE_IN_FRAMEWORK_HEADER = YES;
				CLANG_WARN_RANGE_LOOP_ANALYSIS = YES;
				CLANG_WARN_STRICT_PROTOTYPES = YES;
				CLANG_WARN_SUSPICIOUS_MOVE = YES;
				CLANG_WARN_UNGUARDED_AVAILABILITY = YES_AGGRESSIVE;
				CLANG_WARN_UNREACHABLE_CODE = YES;
				CLANG_WARN__DUPLICATE_METHOD_MATCH = YES;
				COPY_PHASE_STRIP = NO;
				DEAD_CODE_STRIPPING = YES;
				DEBUG_INFORMATION_FORMAT = dwarf;
				ENABLE_STRICT_OBJC_MSGSEND = YES;
				ENABLE_TESTABILITY = YES;
				ENABLE_USER_SCRIPT_SANDBOXING = YES;
				GCC_C_LANGUAGE_STANDARD = gnu11;
				GCC_DYNAMIC_NO_PIC = NO;
				GCC_NO_COMMON_BLOCKS = YES;
				GCC_OPTIMIZATION_LEVEL = 0;
				GCC_PREPROCESSOR_DEFINITIONS = (
					"DEBUG=1",
					"$(inherited)",
				);
				GCC_WARN_64_TO_32_BIT_CONVERSION = YES;
				GCC_WARN_ABOUT_RETURN_TYPE = YES_ERROR;
				GCC_WARN_UNDECLARED_SELECTOR = YES;
				GCC_WARN_UNINITIALIZED_AUTOS = YES_AGGRESSIVE;
				GCC_WARN_UNUSED_FUNCTION = YES;
				GCC_WARN_UNUSED_VARIABLE = YES;
				MTL_ENABLE_DEBUG_INFO = INCLUDE_SOURCE;
				MTL_FAST_MATH = YES;
				ONLY_ACTIVE_ARCH = YES;
				SWIFT_ACTIVE_COMPILATION_CONDITIONS = DEBUG;
				SWIFT_OPTIMIZATION_LEVEL = "-O";
			};
			name = Debug;
		};
		6E8FE1882DF830EB00C274B2 /* Release */ = {
			isa = XCBuildConfiguration;
			buildSettings = {
				ALWAYS_SEARCH_USER_PATHS = NO;
				CLANG_ANALYZER_NONNULL = YES;
				CLANG_ANALYZER_NUMBER_OBJECT_CONVERSION = YES_AGGRESSIVE;
				CLANG_CXX_LANGUAGE_STANDARD = "gnu++20";
				CLANG_ENABLE_MODULES = YES;
				CLANG_ENABLE_OBJC_ARC = YES;
				CLANG_ENABLE_OBJC_WEAK = YES;
				CLANG_WARN_BLOCK_CAPTURE_AUTORELEASING = YES;
				CLANG_WARN_BOOL_CONVERSION = YES;
				CLANG_WARN_COMMA = YES;
				CLANG_WARN_CONSTANT_CONVERSION = YES;
				CLANG_WARN_DEPRECATED_OBJC_IMPLEMENTATIONS = YES;
				CLANG_WARN_DIRECT_OBJC_ISA_USAGE = YES_ERROR;
				CLANG_WARN_DOCUMENTATION_COMMENTS = YES;
				CLANG_WARN_EMPTY_BODY = YES;
				CLANG_WARN_ENUM_CONVERSION = YES;
				CLANG_WARN_INFINITE_RECURSION = YES;
				CLANG_WARN_INT_CONVERSION = YES;
				CLANG_WARN_NON_LITERAL_NULL_CONVERSION = YES;
				CLANG_WARN_OBJC_IMPLICIT_RETAIN_SELF = YES;
				CLANG_WARN_OBJC_LITERAL_CONVERSION = YES;
				CLANG_WARN_OBJC_ROOT_CLASS = YES_ERROR;
				CLANG_WARN_QUOTED_INCLUDE_IN_FRAMEWORK_HEADER = YES;
				CLANG_WARN_RANGE_LOOP_ANALYSIS = YES;
				CLANG_WARN_STRICT_PROTOTYPES = YES;
				CLANG_WARN_SUSPICIOUS_MOVE = YES;
				CLANG_WARN_UNGUARDED_AVAILABILITY = YES_AGGRESSIVE;
				CLANG_WARN_UNREACHABLE_CODE = YES;
				CLANG_WARN__DUPLICATE_METHOD_MATCH = YES;
				COPY_PHASE_STRIP = NO;
				DEAD_CODE_STRIPPING = YES;
				DEBUG_INFORMATION_FORMAT = "dwarf-with-dsym";
				ENABLE_NS_ASSERTIONS = NO;
				ENABLE_STRICT_OBJC_MSGSEND = YES;
				ENABLE_USER_SCRIPT_SANDBOXING = YES;
				GCC_C_LANGUAGE_STANDARD = gnu11;
				GCC_NO_COMMON_BLOCKS = YES;
				GCC_OPTIMIZATION_LEVEL = 0;
				GCC_WARN_64_TO_32_BIT_CONVERSION = YES;
				GCC_WARN_ABOUT_RETURN_TYPE = YES_ERROR;
				GCC_WARN_UNDECLARED_SELECTOR = YES;
				GCC_WARN_UNINITIALIZED_AUTOS = YES_AGGRESSIVE;
				GCC_WARN_UNUSED_FUNCTION = YES;
				GCC_WARN_UNUSED_VARIABLE = YES;
				MTL_ENABLE_DEBUG_INFO = NO;
				MTL_FAST_MATH = YES;
				SWIFT_COMPILATION_MODE = wholemodule;
				SWIFT_OPTIMIZATION_LEVEL = "-Onone";
			};
			name = Release;
		};
		6E8FE18A2DF830EB00C274B2 /* Debug */ = {
			isa = XCBuildConfiguration;
			buildSettings = {
				ASSETCATALOG_COMPILER_APPICON_NAME = AppIcon;
				ASSETCATALOG_COMPILER_GLOBAL_ACCENT_COLOR_NAME = AccentColor;
				CODE_SIGN_ENTITLEMENTS = "Puff Puff Pass/Puff_Puff_Pass.entitlements";
				CODE_SIGN_IDENTITY = "Apple Development";
				CODE_SIGN_STYLE = Automatic;
				CURRENT_PROJECT_VERSION = 1;
				DEAD_CODE_STRIPPING = YES;
				DEVELOPMENT_ASSET_PATHS = "\"Puff Puff Pass/Preview Content\"";
				DEVELOPMENT_TEAM = TGVA34SFZ9;
				ENABLE_HARDENED_RUNTIME = YES;
				ENABLE_PREVIEWS = YES;
				GENERATE_INFOPLIST_FILE = YES;
				INFOPLIST_KEY_CFBundleDisplayName = Cigr;
				INFOPLIST_KEY_LSApplicationCategoryType = "public.app-category.lifestyle";
				"INFOPLIST_KEY_UIApplicationSceneManifest_Generation[sdk=iphoneos*]" = YES;
				"INFOPLIST_KEY_UIApplicationSceneManifest_Generation[sdk=iphonesimulator*]" = YES;
				"INFOPLIST_KEY_UIApplicationSupportsIndirectInputEvents[sdk=iphoneos*]" = YES;
				"INFOPLIST_KEY_UIApplicationSupportsIndirectInputEvents[sdk=iphonesimulator*]" = YES;
				"INFOPLIST_KEY_UILaunchScreen_Generation[sdk=iphoneos*]" = YES;
				"INFOPLIST_KEY_UILaunchScreen_Generation[sdk=iphonesimulator*]" = YES;
				"INFOPLIST_KEY_UIStatusBarStyle[sdk=iphoneos*]" = UIStatusBarStyleDefault;
				"INFOPLIST_KEY_UIStatusBarStyle[sdk=iphonesimulator*]" = UIStatusBarStyleDefault;
				INFOPLIST_KEY_UISupportedInterfaceOrientations = UIInterfaceOrientationPortrait;
				INFOPLIST_KEY_UISupportedInterfaceOrientations_iPad = "UIInterfaceOrientationLandscapeLeft UIInterfaceOrientationLandscapeRight UIInterfaceOrientationPortrait UIInterfaceOrientationPortraitUpsideDown";
				IPHONEOS_DEPLOYMENT_TARGET = 16.0;
				LD_RUNPATH_SEARCH_PATHS = "@executable_path/Frameworks";
				"LD_RUNPATH_SEARCH_PATHS[sdk=macosx*]" = "@executable_path/../Frameworks";
				MACOSX_DEPLOYMENT_TARGET = 13.3;
				MARKETING_VERSION = 1.0;
				PRODUCT_BUNDLE_IDENTIFIER = rathore.neha.cigr;
				PRODUCT_NAME = "$(TARGET_NAME)";
				PROVISIONING_PROFILE_SPECIFIER = "";
				SDKROOT = auto;
				SUPPORTED_PLATFORMS = "iphoneos iphonesimulator";
				SUPPORTS_MACCATALYST = NO;
				SWIFT_EMIT_LOC_STRINGS = YES;
				SWIFT_OPTIMIZATION_LEVEL = "-Onone";
				SWIFT_VERSION = 5.0;
				TARGETED_DEVICE_FAMILY = 1;
			};
			name = Debug;
		};
		6E8FE18B2DF830EB00C274B2 /* Release */ = {
			isa = XCBuildConfiguration;
			buildSettings = {
				ASSETCATALOG_COMPILER_APPICON_NAME = AppIcon;
				ASSETCATALOG_COMPILER_GLOBAL_ACCENT_COLOR_NAME = AccentColor;
				CODE_SIGN_ENTITLEMENTS = "Puff Puff Pass/Puff_Puff_Pass.entitlements";
				CODE_SIGN_IDENTITY = "Apple Development";
				CODE_SIGN_STYLE = Automatic;
				CURRENT_PROJECT_VERSION = 1;
				DEAD_CODE_STRIPPING = YES;
				DEVELOPMENT_ASSET_PATHS = "\"Puff Puff Pass/Preview Content\"";
				DEVELOPMENT_TEAM = TGVA34SFZ9;
				ENABLE_HARDENED_RUNTIME = YES;
				ENABLE_PREVIEWS = YES;
				GCC_OPTIMIZATION_LEVEL = 0;
				GENERATE_INFOPLIST_FILE = YES;
				INFOPLIST_KEY_CFBundleDisplayName = Cigr;
				INFOPLIST_KEY_LSApplicationCategoryType = "public.app-category.lifestyle";
				"INFOPLIST_KEY_UIApplicationSceneManifest_Generation[sdk=iphoneos*]" = YES;
				"INFOPLIST_KEY_UIApplicationSceneManifest_Generation[sdk=iphonesimulator*]" = YES;
				"INFOPLIST_KEY_UIApplicationSupportsIndirectInputEvents[sdk=iphoneos*]" = YES;
				"INFOPLIST_KEY_UIApplicationSupportsIndirectInputEvents[sdk=iphonesimulator*]" = YES;
				"INFOPLIST_KEY_UILaunchScreen_Generation[sdk=iphoneos*]" = YES;
				"INFOPLIST_KEY_UILaunchScreen_Generation[sdk=iphonesimulator*]" = YES;
				"INFOPLIST_KEY_UIStatusBarStyle[sdk=iphoneos*]" = UIStatusBarStyleDefault;
				"INFOPLIST_KEY_UIStatusBarStyle[sdk=iphonesimulator*]" = UIStatusBarStyleDefault;
				INFOPLIST_KEY_UISupportedInterfaceOrientations = UIInterfaceOrientationPortrait;
				INFOPLIST_KEY_UISupportedInterfaceOrientations_iPad = "UIInterfaceOrientationLandscapeLeft UIInterfaceOrientationLandscapeRight UIInterfaceOrientationPortrait UIInterfaceOrientationPortraitUpsideDown";
				IPHONEOS_DEPLOYMENT_TARGET = 16.0;
				LD_RUNPATH_SEARCH_PATHS = "@executable_path/Frameworks";
				"LD_RUNPATH_SEARCH_PATHS[sdk=macosx*]" = "@executable_path/../Frameworks";
				MACOSX_DEPLOYMENT_TARGET = 13.3;
				MARKETING_VERSION = 1.0;
				PRODUCT_BUNDLE_IDENTIFIER = rathore.neha.cigr;
				PRODUCT_NAME = "$(TARGET_NAME)";
				PROVISIONING_PROFILE_SPECIFIER = "";
				SDKROOT = auto;
				SUPPORTED_PLATFORMS = "iphoneos iphonesimulator";
				SUPPORTS_MACCATALYST = NO;
				SWIFT_EMIT_LOC_STRINGS = YES;
				SWIFT_VERSION = 5.0;
				TARGETED_DEVICE_FAMILY = 1;
			};
			name = Release;
		};
/* End XCBuildConfiguration section */

/* Begin XCConfigurationList section */
		6E8FE1752DF830E900C274B2 /* Build configuration list for PBXProject "Puff Puff Pass" */ = {
			isa = XCConfigurationList;
			buildConfigurations = (
				6E8FE1872DF830EB00C274B2 /* Debug */,
				6E8FE1882DF830EB00C274B2 /* Release */,
			);
			defaultConfigurationIsVisible = 0;
			defaultConfigurationName = Release;
		};
		6E8FE1892DF830EB00C274B2 /* Build configuration list for PBXNativeTarget "Puff Puff Pass" */ = {
			isa = XCConfigurationList;
			buildConfigurations = (
				6E8FE18A2DF830EB00C274B2 /* Debug */,
				6E8FE18B2DF830EB00C274B2 /* Release */,
			);
			defaultConfigurationIsVisible = 0;
			defaultConfigurationName = Release;
		};
/* End XCConfigurationList section */

/* Begin XCRemoteSwiftPackageReference section */
		6E202C1A2E0271660070E3A7 /* XCRemoteSwiftPackageReference "supabase-swift" */ = {
			isa = XCRemoteSwiftPackageReference;
			repositoryURL = "https://github.com/supabase-community/supabase-swift";
			requirement = {
				kind = upToNextMajorVersion;
				minimumVersion = 2.5.1;
			};
		};
/* End XCRemoteSwiftPackageReference section */

/* Begin XCSwiftPackageProductDependency section */
		6E202C1B2E0271660070E3A7 /* Auth */ = {
			isa = XCSwiftPackageProductDependency;
			package = 6E202C1A2E0271660070E3A7 /* XCRemoteSwiftPackageReference "supabase-swift" */;
			productName = Auth;
		};
		6E202C1D2E0271660070E3A7 /* Functions */ = {
			isa = XCSwiftPackageProductDependency;
			package = 6E202C1A2E0271660070E3A7 /* XCRemoteSwiftPackageReference "supabase-swift" */;
			productName = Functions;
		};
		6E202C1F2E0271660070E3A7 /* PostgREST */ = {
			isa = XCSwiftPackageProductDependency;
			package = 6E202C1A2E0271660070E3A7 /* XCRemoteSwiftPackageReference "supabase-swift" */;
			productName = PostgREST;
		};
		6E202C212E0271660070E3A7 /* Realtime */ = {
			isa = XCSwiftPackageProductDependency;
			package = 6E202C1A2E0271660070E3A7 /* XCRemoteSwiftPackageReference "supabase-swift" */;
			productName = Realtime;
		};
		6E202C232E0271660070E3A7 /* Storage */ = {
			isa = XCSwiftPackageProductDependency;
			package = 6E202C1A2E0271660070E3A7 /* XCRemoteSwiftPackageReference "supabase-swift" */;
			productName = Storage;
		};
		6E202C252E0271660070E3A7 /* Supabase */ = {
			isa = XCSwiftPackageProductDependency;
			package = 6E202C1A2E0271660070E3A7 /* XCRemoteSwiftPackageReference "supabase-swift" */;
			productName = Supabase;
		};
/* End XCSwiftPackageProductDependency section */
	};
	rootObject = 6E8FE1722DF830E900C274B2 /* Project object */;
}
